{
  "name": "xtal-match-media",
  "version": "0.0.6",
  "lockfileVersion": 2,
  "requires": true,
  "packages": {
    "": {
      "version": "0.0.6",
      "license": "MIT",
      "dependencies": {
        "xtal-element": "0.0.389"
      },
      "devDependencies": {
        "pass-down": "0.0.28",
        "xtal-test": "0.0.57"
      }
    },
    "node_modules/event-switch": {
      "version": "0.0.12",
      "resolved": "https://registry.npmjs.org/event-switch/-/event-switch-0.0.12.tgz",
      "integrity": "sha512-T4ZNewAhMsLkurklQwzznYsz7MHqhriwZHxYFLRHY+TfIbSTAOoB1IO4QibezD2D7HEdQnIb99v+eSV2N4KIbg==",
      "dev": true
    },
    "node_modules/mut-obs": {
      "version": "0.0.3",
      "resolved": "https://registry.npmjs.org/mut-obs/-/mut-obs-0.0.3.tgz",
      "integrity": "sha512-oaownI+RwJqDb39QqfAmrLuJ4QAQlHNHfF5GAx06lTsgsVu1T5Q/yO1NtyPLpx2dnF1yfDiX23Vtkz9Cq36Org==",
      "dev": true,
      "dependencies": {
        "p-et-alia": "0.0.71"
      }
    },
    "node_modules/mut-obs/node_modules/p-et-alia": {
      "version": "0.0.71",
      "resolved": "https://registry.npmjs.org/p-et-alia/-/p-et-alia-0.0.71.tgz",
      "integrity": "sha512-n6L4q/kYLRPbOUUXjj1NWQ+CdaXFzz3ue1eEEMXPkpcfeTAhupHhBvgF6XJs9u/Oqr3ZPPqLu1c9/hCV/l7tHA==",
      "dev": true,
      "license": "MIT",
      "dependencies": {
        "trans-render": "0.0.142",
        "xtal-element": "0.0.101",
        "xtal-state": "0.0.100"
      }
    },
    "node_modules/mut-obs/node_modules/trans-render": {
      "version": "0.0.142",
      "resolved": "https://registry.npmjs.org/trans-render/-/trans-render-0.0.142.tgz",
      "integrity": "sha512-wkT1YsNy5+NWnt7H4PRShgmwFqzvCzlW9+uAeofNRXMUyVffF7BlBqwgDo0gWf8peFgPd9aXPYYpXDhD43dlEw==",
      "dev": true,
      "license": "MIT"
    },
    "node_modules/mut-obs/node_modules/xtal-element": {
      "version": "0.0.101",
      "resolved": "https://registry.npmjs.org/xtal-element/-/xtal-element-0.0.101.tgz",
      "integrity": "sha512-bGg697g+fLU/Pep4UaQvUn3UDntk5UvH1mheAXuMJQ0dd1Zvoo+EAMbx0h6uLqQMkxaGtyUbkWNOXZssC3kk7A==",
      "dev": true,
      "license": "MIT",
      "dependencies": {
        "event-switch": "0.0.12",
        "trans-render": "0.0.142"
      }
    },
    "node_modules/mut-obs/node_modules/xtal-state": {
      "version": "0.0.100",
      "resolved": "https://registry.npmjs.org/xtal-state/-/xtal-state-0.0.100.tgz",
      "integrity": "sha512-729dAOgF2x0BjbAQ83kaxnJhrtXw/9/c8av086y5JUZbeevt/s5wb+Bcz/QK7ZkGC820lay0DwzycQvjZ5aU9w==",
      "dev": true,
      "dependencies": {
        "trans-render": "0.0.136",
        "xtal-element": "0.0.87"
      }
    },
    "node_modules/mut-obs/node_modules/xtal-state/node_modules/trans-render": {
      "version": "0.0.136",
      "resolved": "https://registry.npmjs.org/trans-render/-/trans-render-0.0.136.tgz",
      "integrity": "sha512-LdJID2Vv/zI136LKn8KgY92Xn+/1zStB9bF0zFDm/kFYo/1xbNnIXOwVF83GsVcxYkAVVtac+Zwa3qv7/ogJ9Q==",
      "dev": true,
      "license": "MIT"
    },
    "node_modules/mut-obs/node_modules/xtal-state/node_modules/xtal-element": {
      "version": "0.0.87",
      "resolved": "https://registry.npmjs.org/xtal-element/-/xtal-element-0.0.87.tgz",
      "integrity": "sha512-3/QOjVm9aw2kdUch/JKaV+2/ROBfjDKWvVB3l++sLzPdozuRMXKW8LbSBKUC2Yv0rJ5VqbyrhrNveJSClyO4yg==",
      "dev": true,
      "license": "MIT",
      "dependencies": {
        "event-switch": "0.0.12",
        "trans-render": "0.0.136"
      }
    },
    "node_modules/on-to-me": {
      "version": "0.0.18",
      "resolved": "https://registry.npmjs.org/on-to-me/-/on-to-me-0.0.18.tgz",
      "integrity": "sha512-fbJeQ3gNAW9BKxiqqF8ZAH8g0usoNxXO7Ofk+KRh6enpTQZGR2RgjsQj21wjkYROBVl0UIJcBX+2bA1L1mcMMw==",
      "dev": true
    },
    "node_modules/pass-down": {
      "version": "0.0.28",
      "resolved": "https://registry.npmjs.org/pass-down/-/pass-down-0.0.28.tgz",
      "integrity": "sha512-qw3Bb4WPSAC2gqUmKWQbNIcg/gVYxz4UqrHoDfFn4/yz8p59C2wUYRX4GYnSZ9bYCfpNUhBpLydPQ7c4E+5S8g==",
      "dev": true,
      "license": "MIT",
      "dependencies": {
        "mut-obs": "0.0.3",
        "on-to-me": "0.0.18",
        "trans-render": "0.0.283",
        "xtal-element": "0.0.375"
      }
    },
    "node_modules/pass-down/node_modules/xtal-element": {
      "version": "0.0.375",
      "resolved": "https://registry.npmjs.org/xtal-element/-/xtal-element-0.0.375.tgz",
      "integrity": "sha512-cCx2FCtMDyIvTuAmiRuva94wUo2CWH63sFsNPc1+C4PIBUl1OV1u40pAJyT7U7sLSplLqNirXeIZqPIllYNMng==",
      "dev": true,
      "license": "MIT",
      "dependencies": {
        "trans-render": "0.0.280"
      }
    },
    "node_modules/pass-down/node_modules/xtal-element/node_modules/trans-render": {
      "version": "0.0.280",
      "resolved": "https://registry.npmjs.org/trans-render/-/trans-render-0.0.280.tgz",
      "integrity": "sha512-himCG2F648PEqfkOnMUjDtONXYpZ6tD05RpoEFVufzO4ADQPGjfI+BLrH5/WnsJ4kBRQy6G27MkgRVcLdD7eUA==",
      "dev": true,
      "license": "MIT"
    },
    "node_modules/trans-render": {
      "version": "0.0.283",
      "resolved": "https://registry.npmjs.org/trans-render/-/trans-render-0.0.283.tgz",
      "integrity": "sha512-J7nyRMzcedXibh41298Nyo0GkuLd2lwE6+FL7VnU6WiKA9MtBbIBd8Ru/PyjIV/6go+4VEY7f1cVMeiVaux2/A==",
      "dev": true,
      "license": "MIT"
    },
    "node_modules/xtal-element": {
      "version": "0.0.389",
      "resolved": "https://registry.npmjs.org/xtal-element/-/xtal-element-0.0.389.tgz",
      "integrity": "sha512-vS0tTisAo4T9Y8paXLSzrB5CFQIzIUnKX2A9yTLfWzOxUMA6Sn4Ykx+Hmofa98mVx0DyqDFwQgX1HF4YB6zvfQ==",
      "license": "MIT",
      "dependencies": {
        "trans-render": "0.0.286"
      }
    },
    "node_modules/xtal-element/node_modules/trans-render": {
      "version": "0.0.286",
      "resolved": "https://registry.npmjs.org/trans-render/-/trans-render-0.0.286.tgz",
      "integrity": "sha512-8kSrQT6XYzCp+ZFQBrQPHZFzNtzQdO/07vL+v1WkniRO/rQgKumtAR4rrqadXvUqU1hX3yQe+usjoj/7e4Gu3w==",
      "license": "MIT"
    },
    "node_modules/xtal-test": {
      "version": "0.0.57",
      "resolved": "https://registry.npmjs.org/xtal-test/-/xtal-test-0.0.57.tgz",
      "integrity": "sha512-DcU64VhNUsSSuDYsEPFrIOJjsve7Z/tyRa+QLQ6ioEta+ZpnLJGgi6n/WAtz/EXKWAjxfvxtsvkVnqOgGznOAA==",
      "dev": true
    }
  },
  "dependencies": {
    "event-switch": {
      "version": "0.0.12",
      "resolved": "https://registry.npmjs.org/event-switch/-/event-switch-0.0.12.tgz",
      "integrity": "sha512-T4ZNewAhMsLkurklQwzznYsz7MHqhriwZHxYFLRHY+TfIbSTAOoB1IO4QibezD2D7HEdQnIb99v+eSV2N4KIbg==",
      "dev": true
    },
    "mut-obs": {
      "version": "0.0.3",
      "resolved": "https://registry.npmjs.org/mut-obs/-/mut-obs-0.0.3.tgz",
      "integrity": "sha512-oaownI+RwJqDb39QqfAmrLuJ4QAQlHNHfF5GAx06lTsgsVu1T5Q/yO1NtyPLpx2dnF1yfDiX23Vtkz9Cq36Org==",
      "dev": true,
      "requires": {
        "p-et-alia": "0.0.71"
      },
      "dependencies": {
        "p-et-alia": {
          "version": "0.0.71",
          "resolved": "https://registry.npmjs.org/p-et-alia/-/p-et-alia-0.0.71.tgz",
          "integrity": "sha512-n6L4q/kYLRPbOUUXjj1NWQ+CdaXFzz3ue1eEEMXPkpcfeTAhupHhBvgF6XJs9u/Oqr3ZPPqLu1c9/hCV/l7tHA==",
          "dev": true,
          "requires": {
            "trans-render": "0.0.142",
            "xtal-element": "0.0.101",
            "xtal-state": "0.0.100"
          }
        },
        "trans-render": {
          "version": "0.0.142",
          "resolved": "https://registry.npmjs.org/trans-render/-/trans-render-0.0.142.tgz",
          "integrity": "sha512-wkT1YsNy5+NWnt7H4PRShgmwFqzvCzlW9+uAeofNRXMUyVffF7BlBqwgDo0gWf8peFgPd9aXPYYpXDhD43dlEw==",
          "dev": true
        },
        "xtal-element": {
          "version": "0.0.101",
          "resolved": "https://registry.npmjs.org/xtal-element/-/xtal-element-0.0.101.tgz",
          "integrity": "sha512-bGg697g+fLU/Pep4UaQvUn3UDntk5UvH1mheAXuMJQ0dd1Zvoo+EAMbx0h6uLqQMkxaGtyUbkWNOXZssC3kk7A==",
          "dev": true,
          "requires": {
            "event-switch": "0.0.12",
            "trans-render": "0.0.142"
          }
        },
        "xtal-state": {
          "version": "0.0.100",
          "resolved": "https://registry.npmjs.org/xtal-state/-/xtal-state-0.0.100.tgz",
          "integrity": "sha512-729dAOgF2x0BjbAQ83kaxnJhrtXw/9/c8av086y5JUZbeevt/s5wb+Bcz/QK7ZkGC820lay0DwzycQvjZ5aU9w==",
          "dev": true,
          "requires": {
            "trans-render": "0.0.136",
            "xtal-element": "0.0.87"
          },
          "dependencies": {
            "trans-render": {
              "version": "0.0.136",
              "resolved": "https://registry.npmjs.org/trans-render/-/trans-render-0.0.136.tgz",
              "integrity": "sha512-LdJID2Vv/zI136LKn8KgY92Xn+/1zStB9bF0zFDm/kFYo/1xbNnIXOwVF83GsVcxYkAVVtac+Zwa3qv7/ogJ9Q==",
              "dev": true
            },
            "xtal-element": {
              "version": "0.0.87",
              "resolved": "https://registry.npmjs.org/xtal-element/-/xtal-element-0.0.87.tgz",
              "integrity": "sha512-3/QOjVm9aw2kdUch/JKaV+2/ROBfjDKWvVB3l++sLzPdozuRMXKW8LbSBKUC2Yv0rJ5VqbyrhrNveJSClyO4yg==",
              "dev": true,
              "requires": {
                "event-switch": "0.0.12",
                "trans-render": "0.0.136"
              }
            }
          }
        }
      }
    },
    "on-to-me": {
      "version": "0.0.18",
      "resolved": "https://registry.npmjs.org/on-to-me/-/on-to-me-0.0.18.tgz",
      "integrity": "sha512-fbJeQ3gNAW9BKxiqqF8ZAH8g0usoNxXO7Ofk+KRh6enpTQZGR2RgjsQj21wjkYROBVl0UIJcBX+2bA1L1mcMMw==",
      "dev": true
    },
    "pass-down": {
      "version": "0.0.28",
      "resolved": "https://registry.npmjs.org/pass-down/-/pass-down-0.0.28.tgz",
      "integrity": "sha512-qw3Bb4WPSAC2gqUmKWQbNIcg/gVYxz4UqrHoDfFn4/yz8p59C2wUYRX4GYnSZ9bYCfpNUhBpLydPQ7c4E+5S8g==",
      "dev": true,
      "requires": {
        "mut-obs": "0.0.3",
        "on-to-me": "0.0.18",
        "trans-render": "0.0.283",
        "xtal-element": "0.0.375"
      },
      "dependencies": {
        "xtal-element": {
          "version": "0.0.375",
          "resolved": "https://registry.npmjs.org/xtal-element/-/xtal-element-0.0.375.tgz",
          "integrity": "sha512-cCx2FCtMDyIvTuAmiRuva94wUo2CWH63sFsNPc1+C4PIBUl1OV1u40pAJyT7U7sLSplLqNirXeIZqPIllYNMng==",
          "dev": true,
          "requires": {
            "trans-render": "0.0.280"
          },
          "dependencies": {
            "trans-render": {
              "version": "0.0.280",
              "resolved": "https://registry.npmjs.org/trans-render/-/trans-render-0.0.280.tgz",
              "integrity": "sha512-himCG2F648PEqfkOnMUjDtONXYpZ6tD05RpoEFVufzO4ADQPGjfI+BLrH5/WnsJ4kBRQy6G27MkgRVcLdD7eUA==",
              "dev": true
            }
          }
        }
      }
    },
    "trans-render": {
      "version": "0.0.283",
      "resolved": "https://registry.npmjs.org/trans-render/-/trans-render-0.0.283.tgz",
      "integrity": "sha512-J7nyRMzcedXibh41298Nyo0GkuLd2lwE6+FL7VnU6WiKA9MtBbIBd8Ru/PyjIV/6go+4VEY7f1cVMeiVaux2/A==",
      "dev": true
    },
    "xtal-element": {
      "version": "0.0.389",
      "resolved": "https://registry.npmjs.org/xtal-element/-/xtal-element-0.0.389.tgz",
      "integrity": "sha512-vS0tTisAo4T9Y8paXLSzrB5CFQIzIUnKX2A9yTLfWzOxUMA6Sn4Ykx+Hmofa98mVx0DyqDFwQgX1HF4YB6zvfQ==",
      "requires": {
        "trans-render": "0.0.286"
      },
      "dependencies": {
        "trans-render": {
          "version": "0.0.286",
          "resolved": "https://registry.npmjs.org/trans-render/-/trans-render-0.0.286.tgz",
          "integrity": "sha512-8kSrQT6XYzCp+ZFQBrQPHZFzNtzQdO/07vL+v1WkniRO/rQgKumtAR4rrqadXvUqU1hX3yQe+usjoj/7e4Gu3w=="
        }
      }
    },
    "xtal-test": {
      "version": "0.0.57",
      "resolved": "https://registry.npmjs.org/xtal-test/-/xtal-test-0.0.57.tgz",
      "integrity": "sha512-DcU64VhNUsSSuDYsEPFrIOJjsve7Z/tyRa+QLQ6ioEta+ZpnLJGgi6n/WAtz/EXKWAjxfvxtsvkVnqOgGznOAA==",
      "dev": true
    }
  }
}
