{
  "name": "xtal-match-media",
  "version": "0.0.6",
  "lockfileVersion": 1,
  "requires": true,
  "dependencies": {
    "@webcomponents/webcomponentsjs": {
      "version": "2.4.3",
      "resolved": "https://registry.npmjs.org/@webcomponents/webcomponentsjs/-/webcomponentsjs-2.4.3.tgz",
      "integrity": "sha512-cV4+sAmshf8ysU2USutrSRYQkJzEYKHsRCGa0CkMElGpG5747VHtkfsW3NdVIBV/m2MDKXTDydT4lkrysH7IFA==",
      "dev": true
    },
    "trans-render": {
      "version": "0.0.168",
      "resolved": "https://registry.npmjs.org/trans-render/-/trans-render-0.0.168.tgz",
      "integrity": "sha512-oWblyTOfOuiBCJwYLiEY6qxNw3fQok+6hrn0wvz19SMWJr+HY4dgoDr6/2eGZmpShCPxyBt0WRFpk+RgVFo3vA=="
    },
    "xtal-element": {
      "version": "0.0.123",
      "resolved": "https://registry.npmjs.org/xtal-element/-/xtal-element-0.0.123.tgz",
      "integrity": "sha512-IYe/1U08sTI1x5SB4B77XNIecSAYsCiUj1MNnRgmvKqA3Y9kg8iN1KLzgGmQmhyBU/Md1DsRIE1k+tYMk7k39w==",
      "requires": {
        "trans-render": "0.0.168"
      }
    }
  }
}
